// !$*UTF8*$!
{
	archiveVersion = 1;
	classes = {
	};
	objectVersion = 77;
	objects = {

/* Begin PBXBuildFile section */
		360F6BB92E5BAE3F00415F0E /* SQLite in Frameworks */ = {isa = PBXBuildFile; productRef = 360F6BB82E5BAE3F00415F0E /* SQLite */; };
		36E894DA2EA82CAA0046C443 /* Supabase in Frameworks */ = {isa = PBXBuildFile; productRef = 36E894D92EA82CAA0046C443 /* Supabase */; };
/* End PBXBuildFile section */

/* Begin PBXContainerItemProxy section */
		360F6B652E57854000415F0E /* PBXContainerItemProxy */ = {
			isa = PBXContainerItemProxy;
			containerPortal = 360F6B4B2E57853E00415F0E /* Project object */;
			proxyType = 1;
			remoteGlobalIDString = 360F6B522E57853E00415F0E;
			remoteInfo = "Trendy Headaches";
		};
		360F6B6F2E57854000415F0E /* PBXContainerItemProxy */ = {
			isa = PBXContainerItemProxy;
			containerPortal = 360F6B4B2E57853E00415F0E /* Project object */;
			proxyType = 1;
			remoteGlobalIDString = 360F6B522E57853E00415F0E;
			remoteInfo = "Trendy Headaches";
		};
/* End PBXContainerItemProxy section */

/* Begin PBXFileReference section */
		360F6B532E57853E00415F0E /* Trendy Headaches New.app */ = {isa = PBXFileReference; explicitFileType = wrapper.application; includeInIndex = 0; path = "Trendy Headaches New.app"; sourceTree = BUILT_PRODUCTS_DIR; };
		360F6B642E57854000415F0E /* Trendy Headaches NewTests.xctest */ = {isa = PBXFileReference; explicitFileType = wrapper.cfbundle; includeInIndex = 0; path = "Trendy Headaches NewTests.xctest"; sourceTree = BUILT_PRODUCTS_DIR; };
		360F6B6E2E57854000415F0E /* Trendy Headaches NewUITests.xctest */ = {isa = PBXFileReference; explicitFileType = wrapper.cfbundle; includeInIndex = 0; path = "Trendy Headaches NewUITests.xctest"; sourceTree = BUILT_PRODUCTS_DIR; };
/* End PBXFileReference section */

/* Begin PBXFileSystemSynchronizedRootGroup section */
		360F6B552E57853E00415F0E /* Trendy Headaches */ = {
			isa = PBXFileSystemSynchronizedRootGroup;
			path = "Trendy Headaches";
			sourceTree = "<group>";
		};
		360F6B672E57854000415F0E /* Trendy HeadachesTests */ = {
			isa = PBXFileSystemSynchronizedRootGroup;
			path = "Trendy HeadachesTests";
			sourceTree = "<group>";
		};
		360F6B712E57854000415F0E /* Trendy HeadachesUITests */ = {
			isa = PBXFileSystemSynchronizedRootGroup;
			path = "Trendy HeadachesUITests";
			sourceTree = "<group>";
		};
/* End PBXFileSystemSynchronizedRootGroup section */

/* Begin PBXFrameworksBuildPhase section */
		360F6B502E57853E00415F0E /* Frameworks */ = {
			isa = PBXFrameworksBuildPhase;
			buildActionMask = 2147483647;
			files = (
				36E894DA2EA82CAA0046C443 /* Supabase in Frameworks */,
				360F6BB92E5BAE3F00415F0E /* SQLite in Frameworks */,
			);
			runOnlyForDeploymentPostprocessing = 0;
		};
		360F6B612E57854000415F0E /* Frameworks */ = {
			isa = PBXFrameworksBuildPhase;
			buildActionMask = 2147483647;
			files = (
			);
			runOnlyForDeploymentPostprocessing = 0;
		};
		360F6B6B2E57854000415F0E /* Frameworks */ = {
			isa = PBXFrameworksBuildPhase;
			buildActionMask = 2147483647;
			files = (
			);
			runOnlyForDeploymentPostprocessing = 0;
		};
/* End PBXFrameworksBuildPhase section */

/* Begin PBXGroup section */
		360F6B4A2E57853E00415F0E = {
			isa = PBXGroup;
			children = (
				360F6B552E57853E00415F0E /* Trendy Headaches */,
				360F6B672E57854000415F0E /* Trendy HeadachesTests */,
				360F6B712E57854000415F0E /* Trendy HeadachesUITests */,
				360F6BB72E5BAE3F00415F0E /* Frameworks */,
				360F6B542E57853E00415F0E /* Products */,
			);
			sourceTree = "<group>";
		};
		360F6B542E57853E00415F0E /* Products */ = {
			isa = PBXGroup;
			children = (
				360F6B532E57853E00415F0E /* Trendy Headaches New.app */,
				360F6B642E57854000415F0E /* Trendy Headaches NewTests.xctest */,
				360F6B6E2E57854000415F0E /* Trendy Headaches NewUITests.xctest */,
			);
			name = Products;
			sourceTree = "<group>";
		};
		360F6BB72E5BAE3F00415F0E /* Frameworks */ = {
			isa = PBXGroup;
			children = (
			);
			name = Frameworks;
			sourceTree = "<group>";
		};
/* End PBXGroup section */

/* Begin PBXNativeTarget section */
		360F6B522E57853E00415F0E /* Trendy Headaches New */ = {
			isa = PBXNativeTarget;
			buildConfigurationList = 360F6B782E57854000415F0E /* Build configuration list for PBXNativeTarget "Trendy Headaches New" */;
			buildPhases = (
				360F6B4F2E57853E00415F0E /* Sources */,
				360F6B502E57853E00415F0E /* Frameworks */,
				360F6B512E57853E00415F0E /* Resources */,
			);
			buildRules = (
			);
			dependencies = (
			);
			fileSystemSynchronizedGroups = (
				360F6B552E57853E00415F0E /* Trendy Headaches */,
			);
			name = "Trendy Headaches New";
			packageProductDependencies = (
				360F6BB82E5BAE3F00415F0E /* SQLite */,
				36E894D92EA82CAA0046C443 /* Supabase */,
			);
			productName = "Trendy Headaches";
			productReference = 360F6B532E57853E00415F0E /* Trendy Headaches New.app */;
			productType = "com.apple.product-type.application";
		};
		360F6B632E57854000415F0E /* Trendy Headaches NewTests */ = {
			isa = PBXNativeTarget;
			buildConfigurationList = 360F6B7B2E57854000415F0E /* Build configuration list for PBXNativeTarget "Trendy Headaches NewTests" */;
			buildPhases = (
				360F6B602E57854000415F0E /* Sources */,
				360F6B612E57854000415F0E /* Frameworks */,
				360F6B622E57854000415F0E /* Resources */,
			);
			buildRules = (
			);
			dependencies = (
				360F6B662E57854000415F0E /* PBXTargetDependency */,
			);
			fileSystemSynchronizedGroups = (
				360F6B672E57854000415F0E /* Trendy HeadachesTests */,
			);
			name = "Trendy Headaches NewTests";
			packageProductDependencies = (
			);
			productName = "Trendy HeadachesTests";
			productReference = 360F6B642E57854000415F0E /* Trendy Headaches NewTests.xctest */;
			productType = "com.apple.product-type.bundle.unit-test";
		};
		360F6B6D2E57854000415F0E /* Trendy Headaches NewUITests */ = {
			isa = PBXNativeTarget;
			buildConfigurationList = 360F6B7E2E57854000415F0E /* Build configuration list for PBXNativeTarget "Trendy Headaches NewUITests" */;
			buildPhases = (
				360F6B6A2E57854000415F0E /* Sources */,
				360F6B6B2E57854000415F0E /* Frameworks */,
				360F6B6C2E57854000415F0E /* Resources */,
			);
			buildRules = (
			);
			dependencies = (
				360F6B702E57854000415F0E /* PBXTargetDependency */,
			);
			fileSystemSynchronizedGroups = (
				360F6B712E57854000415F0E /* Trendy HeadachesUITests */,
			);
			name = "Trendy Headaches NewUITests";
			packageProductDependencies = (
			);
			productName = "Trendy HeadachesUITests";
			productReference = 360F6B6E2E57854000415F0E /* Trendy Headaches NewUITests.xctest */;
			productType = "com.apple.product-type.bundle.ui-testing";
		};
/* End PBXNativeTarget section */

/* Begin PBXProject section */
		360F6B4B2E57853E00415F0E /* Project object */ = {
			isa = PBXProject;
			attributes = {
				BuildIndependentTargetsInParallel = 1;
				LastSwiftUpdateCheck = 1620;
				LastUpgradeCheck = 1620;
				TargetAttributes = {
					360F6B522E57853E00415F0E = {
						CreatedOnToolsVersion = 16.2;
					};
					360F6B632E57854000415F0E = {
						CreatedOnToolsVersion = 16.2;
						TestTargetID = 360F6B522E57853E00415F0E;
					};
					360F6B6D2E57854000415F0E = {
						CreatedOnToolsVersion = 16.2;
						TestTargetID = 360F6B522E57853E00415F0E;
					};
				};
			};
			buildConfigurationList = 360F6B4E2E57853E00415F0E /* Build configuration list for PBXProject "Trendy Headaches Supabase" */;
			developmentRegion = en;
			hasScannedForEncodings = 0;
			knownRegions = (
				en,
				Base,
			);
			mainGroup = 360F6B4A2E57853E00415F0E;
			minimizedProjectReferenceProxies = 1;
			packageReferences = (
				360F6BB62E5BACB900415F0E /* XCRemoteSwiftPackageReference "SQLite" */,
				36E894D52EA829F00046C443 /* XCRemoteSwiftPackageReference "supabase-swift" */,
			);
			preferredProjectObjectVersion = 77;
			productRefGroup = 360F6B542E57853E00415F0E /* Products */;
			projectDirPath = "";
			projectRoot = "";
			targets = (
				360F6B522E57853E00415F0E /* Trendy Headaches New */,
				360F6B632E57854000415F0E /* Trendy Headaches NewTests */,
				360F6B6D2E57854000415F0E /* Trendy Headaches NewUITests */,
			);
		};
/* End PBXProject section */

/* Begin PBXResourcesBuildPhase section */
		360F6B512E57853E00415F0E /* Resources */ = {
			isa = PBXResourcesBuildPhase;
			buildActionMask = 2147483647;
			files = (
			);
			runOnlyForDeploymentPostprocessing = 0;
		};
		360F6B622E57854000415F0E /* Resources */ = {
			isa = PBXResourcesBuildPhase;
			buildActionMask = 2147483647;
			files = (
			);
			runOnlyForDeploymentPostprocessing = 0;
		};
		360F6B6C2E57854000415F0E /* Resources */ = {
			isa = PBXResourcesBuildPhase;
			buildActionMask = 2147483647;
			files = (
			);
			runOnlyForDeploymentPostprocessing = 0;
		};
/* End PBXResourcesBuildPhase section */

/* Begin PBXSourcesBuildPhase section */
		360F6B4F2E57853E00415F0E /* Sources */ = {
			isa = PBXSourcesBuildPhase;
			buildActionMask = 2147483647;
			files = (
			);
			runOnlyForDeploymentPostprocessing = 0;
		};
		360F6B602E57854000415F0E /* Sources */ = {
			isa = PBXSourcesBuildPhase;
			buildActionMask = 2147483647;
			files = (
			);
			runOnlyForDeploymentPostprocessing = 0;
		};
		360F6B6A2E57854000415F0E /* Sources */ = {
			isa = PBXSourcesBuildPhase;
			buildActionMask = 2147483647;
			files = (
			);
			runOnlyForDeploymentPostprocessing = 0;
		};
/* End PBXSourcesBuildPhase section */

/* Begin PBXTargetDependency section */
		360F6B662E57854000415F0E /* PBXTargetDependency */ = {
			isa = PBXTargetDependency;
			target = 360F6B522E57853E00415F0E /* Trendy Headaches New */;
			targetProxy = 360F6B652E57854000415F0E /* PBXContainerItemProxy */;
		};
		360F6B702E57854000415F0E /* PBXTargetDependency */ = {
			isa = PBXTargetDependency;
			target = 360F6B522E57853E00415F0E /* Trendy Headaches New */;
			targetProxy = 360F6B6F2E57854000415F0E /* PBXContainerItemProxy */;
		};
/* End PBXTargetDependency section */

/* Begin XCBuildConfiguration section */
		360F6B762E57854000415F0E /* Debug */ = {
			isa = XCBuildConfiguration;
			buildSettings = {
				ALWAYS_SEARCH_USER_PATHS = NO;
				ASSETCATALOG_COMPILER_GENERATE_SWIFT_ASSET_SYMBOL_EXTENSIONS = YES;
				CLANG_ANALYZER_NONNULL = YES;
				CLANG_ANALYZER_NUMBER_OBJECT_CONVERSION = YES_AGGRESSIVE;
				CLANG_CXX_LANGUAGE_STANDARD = "gnu++20";
				CLANG_ENABLE_MODULES = YES;
				CLANG_ENABLE_OBJC_ARC = YES;
				CLANG_ENABLE_OBJC_WEAK = YES;
				CLANG_WARN_BLOCK_CAPTURE_AUTORELEASING = YES;
				CLANG_WARN_BOOL_CONVERSION = YES;
				CLANG_WARN_COMMA = YES;
				CLANG_WARN_CONSTANT_CONVERSION = YES;
				CLANG_WARN_DEPRECATED_OBJC_IMPLEMENTATIONS = YES;
				CLANG_WARN_DIRECT_OBJC_ISA_USAGE = YES_ERROR;
				CLANG_WARN_DOCUMENTATION_COMMENTS = YES;
				CLANG_WARN_EMPTY_BODY = YES;
				CLANG_WARN_ENUM_CONVERSION = YES;
				CLANG_WARN_INFINITE_RECURSION = YES;
				CLANG_WARN_INT_CONVERSION = YES;
				CLANG_WARN_NON_LITERAL_NULL_CONVERSION = YES;
				CLANG_WARN_OBJC_IMPLICIT_RETAIN_SELF = YES;
				CLANG_WARN_OBJC_LITERAL_CONVERSION = YES;
				CLANG_WARN_OBJC_ROOT_CLASS = YES_ERROR;
				CLANG_WARN_QUOTED_INCLUDE_IN_FRAMEWORK_HEADER = YES;
				CLANG_WARN_RANGE_LOOP_ANALYSIS = YES;
				CLANG_WARN_STRICT_PROTOTYPES = YES;
				CLANG_WARN_SUSPICIOUS_MOVE = YES;
				CLANG_WARN_UNGUARDED_AVAILABILITY = YES_AGGRESSIVE;
				CLANG_WARN_UNREACHABLE_CODE = YES;
				CLANG_WARN__DUPLICATE_METHOD_MATCH = YES;
				COPY_PHASE_STRIP = NO;
				DEBUG_INFORMATION_FORMAT = dwarf;
				ENABLE_STRICT_OBJC_MSGSEND = YES;
				ENABLE_TESTABILITY = YES;
				ENABLE_USER_SCRIPT_SANDBOXING = YES;
				GCC_C_LANGUAGE_STANDARD = gnu17;
				GCC_DYNAMIC_NO_PIC = NO;
				GCC_NO_COMMON_BLOCKS = YES;
				GCC_OPTIMIZATION_LEVEL = 0;
				GCC_PREPROCESSOR_DEFINITIONS = (
					"DEBUG=1",
					"$(inherited)",
				);
				GCC_WARN_64_TO_32_BIT_CONVERSION = YES;
				GCC_WARN_ABOUT_RETURN_TYPE = YES_ERROR;
				GCC_WARN_UNDECLARED_SELECTOR = YES;
				GCC_WARN_UNINITIALIZED_AUTOS = YES_AGGRESSIVE;
				GCC_WARN_UNUSED_FUNCTION = YES;
				GCC_WARN_UNUSED_VARIABLE = YES;
				LOCALIZATION_PREFERS_STRING_CATALOGS = YES;
				MTL_ENABLE_DEBUG_INFO = INCLUDE_SOURCE;
				MTL_FAST_MATH = YES;
				ONLY_ACTIVE_ARCH = YES;
				SWIFT_ACTIVE_COMPILATION_CONDITIONS = "DEBUG $(inherited)";
				SWIFT_OPTIMIZATION_LEVEL = "-Onone";
			};
			name = Debug;
		};
		360F6B772E57854000415F0E /* Release */ = {
			isa = XCBuildConfiguration;
			buildSettings = {
				ALWAYS_SEARCH_USER_PATHS = NO;
				ASSETCATALOG_COMPILER_GENERATE_SWIFT_ASSET_SYMBOL_EXTENSIONS = YES;
				CLANG_ANALYZER_NONNULL = YES;
				CLANG_ANALYZER_NUMBER_OBJECT_CONVERSION = YES_AGGRESSIVE;
				CLANG_CXX_LANGUAGE_STANDARD = "gnu++20";
				CLANG_ENABLE_MODULES = YES;
				CLANG_ENABLE_OBJC_ARC = YES;
				CLANG_ENABLE_OBJC_WEAK = YES;
				CLANG_WARN_BLOCK_CAPTURE_AUTORELEASING = YES;
				CLANG_WARN_BOOL_CONVERSION = YES;
				CLANG_WARN_COMMA = YES;
				CLANG_WARN_CONSTANT_CONVERSION = YES;
				CLANG_WARN_DEPRECATED_OBJC_IMPLEMENTATIONS = YES;
				CLANG_WARN_DIRECT_OBJC_ISA_USAGE = YES_ERROR;
				CLANG_WARN_DOCUMENTATION_COMMENTS = YES;
				CLANG_WARN_EMPTY_BODY = YES;
				CLANG_WARN_ENUM_CONVERSION = YES;
				CLANG_WARN_INFINITE_RECURSION = YES;
				CLANG_WARN_INT_CONVERSION = YES;
				CLANG_WARN_NON_LITERAL_NULL_CONVERSION = YES;
				CLANG_WARN_OBJC_IMPLICIT_RETAIN_SELF = YES;
				CLANG_WARN_OBJC_LITERAL_CONVERSION = YES;
				CLANG_WARN_OBJC_ROOT_CLASS = YES_ERROR;
				CLANG_WARN_QUOTED_INCLUDE_IN_FRAMEWORK_HEADER = YES;
				CLANG_WARN_RANGE_LOOP_ANALYSIS = YES;
				CLANG_WARN_STRICT_PROTOTYPES = YES;
				CLANG_WARN_SUSPICIOUS_MOVE = YES;
				CLANG_WARN_UNGUARDED_AVAILABILITY = YES_AGGRESSIVE;
				CLANG_WARN_UNREACHABLE_CODE = YES;
				CLANG_WARN__DUPLICATE_METHOD_MATCH = YES;
				COPY_PHASE_STRIP = NO;
				DEBUG_INFORMATION_FORMAT = "dwarf-with-dsym";
				ENABLE_NS_ASSERTIONS = NO;
				ENABLE_STRICT_OBJC_MSGSEND = YES;
				ENABLE_USER_SCRIPT_SANDBOXING = YES;
				GCC_C_LANGUAGE_STANDARD = gnu17;
				GCC_NO_COMMON_BLOCKS = YES;
				GCC_WARN_64_TO_32_BIT_CONVERSION = YES;
				GCC_WARN_ABOUT_RETURN_TYPE = YES_ERROR;
				GCC_WARN_UNDECLARED_SELECTOR = YES;
				GCC_WARN_UNINITIALIZED_AUTOS = YES_AGGRESSIVE;
				GCC_WARN_UNUSED_FUNCTION = YES;
				GCC_WARN_UNUSED_VARIABLE = YES;
				LOCALIZATION_PREFERS_STRING_CATALOGS = YES;
				MTL_ENABLE_DEBUG_INFO = NO;
				MTL_FAST_MATH = YES;
				SWIFT_COMPILATION_MODE = wholemodule;
			};
			name = Release;
		};
		360F6B792E57854000415F0E /* Debug */ = {
			isa = XCBuildConfiguration;
			buildSettings = {
				ASSETCATALOG_COMPILER_APPICON_NAME = AppIcon;
				ASSETCATALOG_COMPILER_GLOBAL_ACCENT_COLOR_NAME = AccentColor;
				CODE_SIGN_ENTITLEMENTS = "Trendy Headaches/Trendy_Headaches.entitlements";
				CODE_SIGN_STYLE = Automatic;
				CURRENT_PROJECT_VERSION = 1;
				DEVELOPMENT_ASSET_PATHS = "\"Trendy Headaches/Preview Content\"";
				DEVELOPMENT_TEAM = H4B5J5XTUF;
				ENABLE_HARDENED_RUNTIME = YES;
				ENABLE_PREVIEWS = YES;
				GENERATE_INFOPLIST_FILE = YES;
				"INFOPLIST_KEY_UIApplicationSceneManifest_Generation[sdk=iphoneos*]" = YES;
				"INFOPLIST_KEY_UIApplicationSceneManifest_Generation[sdk=iphonesimulator*]" = YES;
				"INFOPLIST_KEY_UIApplicationSupportsIndirectInputEvents[sdk=iphoneos*]" = YES;
				"INFOPLIST_KEY_UIApplicationSupportsIndirectInputEvents[sdk=iphonesimulator*]" = YES;
				"INFOPLIST_KEY_UILaunchScreen_Generation[sdk=iphoneos*]" = YES;
				"INFOPLIST_KEY_UILaunchScreen_Generation[sdk=iphonesimulator*]" = YES;
				"INFOPLIST_KEY_UIStatusBarStyle[sdk=iphoneos*]" = UIStatusBarStyleDefault;
				"INFOPLIST_KEY_UIStatusBarStyle[sdk=iphonesimulator*]" = UIStatusBarStyleDefault;
				INFOPLIST_KEY_UISupportedInterfaceOrientations = UIInterfaceOrientationPortrait;
				IPHONEOS_DEPLOYMENT_TARGET = 18.2;
				LD_RUNPATH_SEARCH_PATHS = "@executable_path/Frameworks";
				"LD_RUNPATH_SEARCH_PATHS[sdk=macosx*]" = "@executable_path/../Frameworks";
				MACOSX_DEPLOYMENT_TARGET = 15.2;
				MARKETING_VERSION = 1.0;
				PRODUCT_BUNDLE_IDENTIFIER = "abbiebarnhardt.Trendy-Headaches-Supabase";
				PRODUCT_NAME = "$(TARGET_NAME)";
				SDKROOT = auto;
				SUPPORTED_PLATFORMS = "iphoneos iphonesimulator";
				SUPPORTS_MACCATALYST = NO;
				SWIFT_EMIT_LOC_STRINGS = YES;
				SWIFT_VERSION = 5.0;
				TARGETED_DEVICE_FAMILY = 1;
				XROS_DEPLOYMENT_TARGET = 2.2;
			};
			name = Debug;
		};
		360F6B7A2E57854000415F0E /* Release */ = {
			isa = XCBuildConfiguration;
			buildSettings = {
				ASSETCATALOG_COMPILER_APPICON_NAME = AppIcon;
				ASSETCATALOG_COMPILER_GLOBAL_ACCENT_COLOR_NAME = AccentColor;
				CODE_SIGN_ENTITLEMENTS = "Trendy Headaches/Trendy_Headaches.entitlements";
				CODE_SIGN_STYLE = Automatic;
				CURRENT_PROJECT_VERSION = 1;
				DEVELOPMENT_ASSET_PATHS = "\"Trendy Headaches/Preview Content\"";
				DEVELOPMENT_TEAM = H4B5J5XTUF;
				ENABLE_HARDENED_RUNTIME = YES;
				ENABLE_PREVIEWS = YES;
				GENERATE_INFOPLIST_FILE = YES;
				"INFOPLIST_KEY_UIApplicationSceneManifest_Generation[sdk=iphoneos*]" = YES;
				"INFOPLIST_KEY_UIApplicationSceneManifest_Generation[sdk=iphonesimulator*]" = YES;
				"INFOPLIST_KEY_UIApplicationSupportsIndirectInputEvents[sdk=iphoneos*]" = YES;
				"INFOPLIST_KEY_UIApplicationSupportsIndirectInputEvents[sdk=iphonesimulator*]" = YES;
				"INFOPLIST_KEY_UILaunchScreen_Generation[sdk=iphoneos*]" = YES;
				"INFOPLIST_KEY_UILaunchScreen_Generation[sdk=iphonesimulator*]" = YES;
				"INFOPLIST_KEY_UIStatusBarStyle[sdk=iphoneos*]" = UIStatusBarStyleDefault;
				"INFOPLIST_KEY_UIStatusBarStyle[sdk=iphonesimulator*]" = UIStatusBarStyleDefault;
				INFOPLIST_KEY_UISupportedInterfaceOrientations = UIInterfaceOrientationPortrait;
				IPHONEOS_DEPLOYMENT_TARGET = 18.2;
				LD_RUNPATH_SEARCH_PATHS = "@executable_path/Frameworks";
				"LD_RUNPATH_SEARCH_PATHS[sdk=macosx*]" = "@executable_path/../Frameworks";
				MACOSX_DEPLOYMENT_TARGET = 15.2;
				MARKETING_VERSION = 1.0;
				PRODUCT_BUNDLE_IDENTIFIER = "abbiebarnhardt.Trendy-Headaches-Supabase";
				PRODUCT_NAME = "$(TARGET_NAME)";
				SDKROOT = auto;
				SUPPORTED_PLATFORMS = "iphoneos iphonesimulator";
				SUPPORTS_MACCATALYST = NO;
				SWIFT_EMIT_LOC_STRINGS = YES;
				SWIFT_VERSION = 5.0;
				TARGETED_DEVICE_FAMILY = 1;
				XROS_DEPLOYMENT_TARGET = 2.2;
			};
			name = Release;
		};
		360F6B7C2E57854000415F0E /* Debug */ = {
			isa = XCBuildConfiguration;
			buildSettings = {
				BUNDLE_LOADER = "$(TEST_HOST)";
				CODE_SIGN_STYLE = Automatic;
				CURRENT_PROJECT_VERSION = 1;
				DEVELOPMENT_TEAM = H4B5J5XTUF;
				GENERATE_INFOPLIST_FILE = YES;
				IPHONEOS_DEPLOYMENT_TARGET = 18.2;
				MACOSX_DEPLOYMENT_TARGET = 15.2;
				MARKETING_VERSION = 1.0;
				PRODUCT_BUNDLE_IDENTIFIER = "abbiebarnhardt.Trendy-Headaches-SupabaseTests";
				PRODUCT_NAME = "$(TARGET_NAME)";
				SDKROOT = auto;
				SUPPORTED_PLATFORMS = "iphoneos iphonesimulator macosx xros xrsimulator";
				SWIFT_EMIT_LOC_STRINGS = NO;
				SWIFT_VERSION = 5.0;
				TARGETED_DEVICE_FAMILY = "1,2,7";
				TEST_HOST = "$(BUILT_PRODUCTS_DIR)/Trendy Headaches New.app/$(BUNDLE_EXECUTABLE_FOLDER_PATH)/Trendy Headaches New";
				XROS_DEPLOYMENT_TARGET = 2.2;
			};
			name = Debug;
		};
		360F6B7D2E57854000415F0E /* Release */ = {
			isa = XCBuildConfiguration;
			buildSettings = {
				BUNDLE_LOADER = "$(TEST_HOST)";
				CODE_SIGN_STYLE = Automatic;
				CURRENT_PROJECT_VERSION = 1;
				DEVELOPMENT_TEAM = H4B5J5XTUF;
				GENERATE_INFOPLIST_FILE = YES;
				IPHONEOS_DEPLOYMENT_TARGET = 18.2;
				MACOSX_DEPLOYMENT_TARGET = 15.2;
				MARKETING_VERSION = 1.0;
				PRODUCT_BUNDLE_IDENTIFIER = "abbiebarnhardt.Trendy-Headaches-SupabaseTests";
				PRODUCT_NAME = "$(TARGET_NAME)";
				SDKROOT = auto;
				SUPPORTED_PLATFORMS = "iphoneos iphonesimulator macosx xros xrsimulator";
				SWIFT_EMIT_LOC_STRINGS = NO;
				SWIFT_VERSION = 5.0;
				TARGETED_DEVICE_FAMILY = "1,2,7";
				TEST_HOST = "$(BUILT_PRODUCTS_DIR)/Trendy Headaches New.app/$(BUNDLE_EXECUTABLE_FOLDER_PATH)/Trendy Headaches New";
				XROS_DEPLOYMENT_TARGET = 2.2;
			};
			name = Release;
		};
		360F6B7F2E57854000415F0E /* Debug */ = {
			isa = XCBuildConfiguration;
			buildSettings = {
				CODE_SIGN_STYLE = Automatic;
				CURRENT_PROJECT_VERSION = 1;
				DEVELOPMENT_TEAM = H4B5J5XTUF;
				GENERATE_INFOPLIST_FILE = YES;
				IPHONEOS_DEPLOYMENT_TARGET = 18.2;
				MACOSX_DEPLOYMENT_TARGET = 15.2;
				MARKETING_VERSION = 1.0;
				PRODUCT_BUNDLE_IDENTIFIER = "abbiebarnhardt.Trendy-Headaches-SupabaseUITests";
				PRODUCT_NAME = "$(TARGET_NAME)";
				SDKROOT = auto;
				SUPPORTED_PLATFORMS = "iphoneos iphonesimulator macosx xros xrsimulator";
				SWIFT_EMIT_LOC_STRINGS = NO;
				SWIFT_VERSION = 5.0;
				TARGETED_DEVICE_FAMILY = "1,2,7";
				TEST_TARGET_NAME = "Trendy Headaches";
				XROS_DEPLOYMENT_TARGET = 2.2;
			};
			name = Debug;
		};
		360F6B802E57854000415F0E /* Release */ = {
			isa = XCBuildConfiguration;
			buildSettings = {
				CODE_SIGN_STYLE = Automatic;
				CURRENT_PROJECT_VERSION = 1;
				DEVELOPMENT_TEAM = H4B5J5XTUF;
				GENERATE_INFOPLIST_FILE = YES;
				IPHONEOS_DEPLOYMENT_TARGET = 18.2;
				MACOSX_DEPLOYMENT_TARGET = 15.2;
				MARKETING_VERSION = 1.0;
				PRODUCT_BUNDLE_IDENTIFIER = "abbiebarnhardt.Trendy-Headaches-SupabaseUITests";
				PRODUCT_NAME = "$(TARGET_NAME)";
				SDKROOT = auto;
				SUPPORTED_PLATFORMS = "iphoneos iphonesimulator macosx xros xrsimulator";
				SWIFT_EMIT_LOC_STRINGS = NO;
				SWIFT_VERSION = 5.0;
				TARGETED_DEVICE_FAMILY = "1,2,7";
				TEST_TARGET_NAME = "Trendy Headaches";
				XROS_DEPLOYMENT_TARGET = 2.2;
			};
			name = Release;
		};
/* End XCBuildConfiguration section */

/* Begin XCConfigurationList section */
		360F6B4E2E57853E00415F0E /* Build configuration list for PBXProject "Trendy Headaches Supabase" */ = {
			isa = XCConfigurationList;
			buildConfigurations = (
				360F6B762E57854000415F0E /* Debug */,
				360F6B772E57854000415F0E /* Release */,
			);
			defaultConfigurationIsVisible = 0;
			defaultConfigurationName = Release;
		};
		360F6B782E57854000415F0E /* Build configuration list for PBXNativeTarget "Trendy Headaches New" */ = {
			isa = XCConfigurationList;
			buildConfigurations = (
				360F6B792E57854000415F0E /* Debug */,
				360F6B7A2E57854000415F0E /* Release */,
			);
			defaultConfigurationIsVisible = 0;
			defaultConfigurationName = Release;
		};
		360F6B7B2E57854000415F0E /* Build configuration list for PBXNativeTarget "Trendy Headaches NewTests" */ = {
			isa = XCConfigurationList;
			buildConfigurations = (
				360F6B7C2E57854000415F0E /* Debug */,
				360F6B7D2E57854000415F0E /* Release */,
			);
			defaultConfigurationIsVisible = 0;
			defaultConfigurationName = Release;
		};
		360F6B7E2E57854000415F0E /* Build configuration list for PBXNativeTarget "Trendy Headaches NewUITests" */ = {
			isa = XCConfigurationList;
			buildConfigurations = (
				360F6B7F2E57854000415F0E /* Debug */,
				360F6B802E57854000415F0E /* Release */,
			);
			defaultConfigurationIsVisible = 0;
			defaultConfigurationName = Release;
		};
/* End XCConfigurationList section */

/* Begin XCRemoteSwiftPackageReference section */
		360F6BB62E5BACB900415F0E /* XCRemoteSwiftPackageReference "SQLite" */ = {
			isa = XCRemoteSwiftPackageReference;
			repositoryURL = "https://github.com/stephencelis/SQLite.swift";
			requirement = {
				kind = upToNextMajorVersion;
				minimumVersion = 0.15.4;
			};
		};
		36E894D52EA829F00046C443 /* XCRemoteSwiftPackageReference "supabase-swift" */ = {
			isa = XCRemoteSwiftPackageReference;
			repositoryURL = "https://github.com/supabase/supabase-swift";
			requirement = {
				kind = upToNextMajorVersion;
				minimumVersion = 2.5.1;
			};
		};
/* End XCRemoteSwiftPackageReference section */

/* Begin XCSwiftPackageProductDependency section */
		360F6BB82E5BAE3F00415F0E /* SQLite */ = {
			isa = XCSwiftPackageProductDependency;
			package = 360F6BB62E5BACB900415F0E /* XCRemoteSwiftPackageReference "SQLite" */;
			productName = SQLite;
		};
		36E894D92EA82CAA0046C443 /* Supabase */ = {
			isa = XCSwiftPackageProductDependency;
			package = 36E894D52EA829F00046C443 /* XCRemoteSwiftPackageReference "supabase-swift" */;
			productName = Supabase;
		};
/* End XCSwiftPackageProductDependency section */
	};
	rootObject = 360F6B4B2E57853E00415F0E /* Project object */;
}
